set_global_assignment -name FAMILY "Arria 10"
set_global_assignment -name DEVICE 10AX090H1F34E1SG
set_global_assignment -name TOP_LEVEL_ENTITY gemm_k8_power_unconstrained_top
set_global_assignment -name VERILOG_FILE ../../src/gemm_k8_power_unconstrained.v
set_global_assignment -name VERILOG_FILE ../../quartus/gemm_k8_power_unconstrained/gemm_k8_power_unconstrained_top.v
set_global_assignment -name SDC_FILE gemm_k8_power_unconstrained.sdc
set_global_assignment -name FLOW_DISABLE_ASSEMBLER ON
set_global_assignment -name OPTIMIZATION_MODE "AGGRESSIVE PERFORMANCE"
set_global_assignment -name PHYSICAL_SYNTHESIS_COMBO_LOGIC ON
set_global_assignment -name PHYSICAL_SYNTHESIS_REGISTER_DUPLICATION ON
set_instance_assignment -name VIRTUAL_PIN ON -to *
