set_global_assignment -name FAMILY "Arria 10"
set_global_assignment -name DEVICE 10AX090H1F34E1SG
set_global_assignment -name TOP_LEVEL_ENTITY fir8_latency_under_lut_top
set_global_assignment -name VERILOG_FILE ../../src/fir8_latency_under_lut.v
set_global_assignment -name VERILOG_FILE ../../quartus/fir8_latency_under_lut/fir8_latency_under_lut_top.v
set_global_assignment -name SDC_FILE fir8_latency_under_lut.sdc
set_global_assignment -name FLOW_DISABLE_ASSEMBLER ON
set_global_assignment -name OPTIMIZATION_MODE "AGGRESSIVE PERFORMANCE"
# Obsolete assignment in <Version 19.2> "set_global_assignment -name PHYSICAL_SYNTHESIS_COMBO_LOGIC ON"
# Obsolete assignment in <Version 19.2> "set_global_assignment -name PHYSICAL_SYNTHESIS_REGISTER_DUPLICATION ON"
set_instance_assignment -name VIRTUAL_PIN ON -to *
set_global_assignment -name LAST_QUARTUS_VERSION "19.2.0 SP0.01rc Pro Edition"
